{
    "name": "globetrotter-frontend",
    "version": "0.1.0",
    "lockfileVersion": 2,
    "requires": true,
    "packages": {
      "": {
        "name": "globetrotter-frontend",
        "version": "0.1.0",
        "dependencies": {
          "axios": "^1.6.7",
          "react": "^18.2.0",
          "react-confetti": "^6.1.0",
          "react-dom": "^18.2.0",
          "react-scripts": "5.0.1"
        }
      },
      "node_modules/axios": {
        "version": "1.6.7",
        "resolved": "https://registry.npmjs.org/axios/-/axios-1.6.7.tgz",
        "integrity": "sha512-/dYTAzvNvM4fwVaCuJ4HqwqQhSYbmgYhNLGWcE7NuRVvvcYQH5Yq7P5yMRBSCXAYc//SNWq5rku8y8AuA5P9Tmw=="
      },
      "node_modules/react": {
        "version": "18.2.0",
        "resolved": "https://registry.npmjs.org/react/-/react-18.2.0.tgz",
        "integrity": "sha512-/3IjMdb2L9QbBdWiW5e3P2/npwMBaU9mHCSCUzNln0ZCYbcfTsGbTJrU/kGemdH2IWmB2ioZ+zkxtmq6g09fGQ=="
      },
      "node_modules/react-confetti": {
        "version": "6.1.0",
        "resolved": "https://registry.npmjs.org/react-confetti/-/react-confetti-6.1.0.tgz",
        "integrity": "sha512-7Ypx4vz0+g8ECVxr88W9zhcQpbeujJAVqL14ZnXJ3I23mOI9/oBVTQ3dkJhUmB0D6XOtCZFetDVZ67X3JZcAbfg=="
      },
      "node_modules/react-dom": {
        "version": "18.2.0",
        "resolved": "https://registry.npmjs.org/react-dom/-/react-dom-18.2.0.tgz",
        "integrity": "sha512-6IMTriUmvsjHUjNtEDudZfuDQUoWXVxKHhlEGSk81n4YFS+r/Kl99wXiwlVXtPBtJenozv2P+hxDsw9eA7Xo6g=="
      },
      "node_modules/react-scripts": {
        "version": "5.0.1",
        "resolved": "https://registry.npmjs.org/react-scripts/-/react-scripts-5.0.1.tgz",
        "integrity": "sha512-8VAmEm/ZAwQzJ+GOMLbBsTdDKOpuZh7RPs0UymvBR2vRk4iZWCskjbFnxqjrzoIvlNNRZ3QJFx6/qDSi6zSnafg=="
      }
    }
  }